
Microsoft Visual Studio Solution File, Format Version 12.00
# Visual Studio Version 16
VisualStudioVersion = 16.0.31424.327
MinimumVisualStudioVersion = 10.0.40219.1
Project("{9A19103F-16F7-4668-BE54-9A1E7A4F7556}") = "Common.Jwt.Authentication", "Common.Jwt.Authentication.csproj", "{43EFA0A0-2440-49B0-AFDC-7CFA504D741A}"
EndProject
Global
	GlobalSection(SolutionConfigurationPlatforms) = preSolution
		Debug|Any CPU = Debug|Any CPU
		Release|Any CPU = Release|Any CPU
	EndGlobalSection
	GlobalSection(ProjectConfigurationPlatforms) = postSolution
		{43EFA0A0-2440-49B0-AFDC-7CFA504D741A}.Debug|Any CPU.ActiveCfg = Debug|Any CPU
		{43EFA0A0-2440-49B0-AFDC-7CFA504D741A}.Debug|Any CPU.Build.0 = Debug|Any CPU
		{43EFA0A0-2440-49B0-AFDC-7CFA504D741A}.Release|Any CPU.ActiveCfg = Release|Any CPU
		{43EFA0A0-2440-49B0-AFDC-7CFA504D741A}.Release|Any CPU.Build.0 = Release|Any CPU
	EndGlobalSection
	GlobalSection(SolutionProperties) = preSolution
		HideSolutionNode = FALSE
	EndGlobalSection
	GlobalSection(ExtensibilityGlobals) = postSolution
		SolutionGuid = {EED207ED-7BF6-4C85-9CD3-3446127BC12B}
	EndGlobalSection
EndGlobal
